<?xml version="1.0" encoding="UTF-8" standalone="yes" ?>
<CodeBlocks_project_file>
	<FileVersion major="1" minor="6" />
	<Project>
		<Option title="GraphicsProject" />
		<Option pch_mode="2" />
		<Option compiler="gcc" />
		<Build>
			<Target title="Debug">
				<Option output="bin/Debug/GraphicsProject" prefix_auto="1" extension_auto="1" />
				<Option object_output="obj/Debug/" />
				<Option type="1" />
				<Option compiler="gcc" />
				<Option projectLinkerOptionsRelation="2" />
				<Compiler>
					<Add option="-g" />
					<Add directory="include" />
				</Compiler>
				<Linker>
					<Add library="libgraphics64d.a" />
				</Linker>
			</Target>
			<Target title="Release">
				<Option output="bin/Release/GraphicsProject" prefix_auto="1" extension_auto="1" />
				<Option object_output="obj/Release/" />
				<Option type="1" />
				<Option compiler="gcc" />
				<Option projectLinkerOptionsRelation="2" />
				<Compiler>
					<Add option="-fexpensive-optimizations" />
					<Add option="-O2" />
					<Add option="-g" />
					<Add directory="include" />
				</Compiler>
				<Linker>
					<Add library="libgraphics64.a" />
				</Linker>
			</Target>
		</Build>
		<Compiler>
			<Add option="-Wall" />
			<Add option="-fexceptions" />
			<Add directory="include" />
		</Compiler>
		<Linker>
			<Add library="mingw32" />
			<Add library="libSDL2_ttf.a" />
			<Add library="SDL2main" />
			<Add library="SDL2.dll" />
			<Add library="user32" />
			<Add library="gdi32" />
			<Add library="winmm" />
			<Add library="dxguid" />
			<Add directory="lib" />
		</Linker>
		<Unit filename="include/App.h" />
		<Unit filename="include/Button.h" />
		<Unit filename="include/Chess.h" />
		<Unit filename="include/ListBox.h" />
		<Unit filename="include/Slider.h" />
		<Unit filename="include/SpinBox.h" />
		<Unit filename="include/Transform.h" />
		<Unit filename="include/Vector2.h" />
		<Unit filename="include/Widget.h" />
		<Unit filename="include/knight.h" />
		<Unit filename="include/pawn.h" />
		<Unit filename="include/piece.h" />
		<Unit filename="include/queen.h" />
		<Unit filename="include/runner.h" />
		<Unit filename="include/tower.h" />
		<Unit filename="main.cpp" />
		<Unit filename="src/App.cpp" />
		<Unit filename="src/Button.cpp" />
		<Unit filename="src/Chess.cpp" />
		<Unit filename="src/ListBox.cpp" />
		<Unit filename="src/Slider.cpp" />
		<Unit filename="src/SpinBox.cpp" />
		<Unit filename="src/Transform.cpp" />
		<Unit filename="src/Vector2.cpp" />
		<Unit filename="src/Widget.cpp" />
		<Unit filename="src/knight.cpp" />
		<Unit filename="src/piece.cpp" />
		<Unit filename="src/queen.cpp" />
		<Unit filename="src/runner.cpp" />
		<Unit filename="src/tower.cpp" />
		<Extensions />
	</Project>
</CodeBlocks_project_file>
